
Microsoft Visual Studio Solution File, Format Version 12.00
# Visual Studio Version 16
VisualStudioVersion = 16.0.30204.135
MinimumVisualStudioVersion = 10.0.40219.1
Project("{FAE04EC0-301F-11D3-BF4B-00C04F79EFBC}") = "Opdracht1Rekenmachine", "Opdracht1Rekenmachine\Opdracht1Rekenmachine.csproj", "{ADC59A64-9331-4B9A-BFE1-541A2A02BD09}"
EndProject
Global
	GlobalSection(SolutionConfigurationPlatforms) = preSolution
		Debug|Any CPU = Debug|Any CPU
		Release|Any CPU = Release|Any CPU
	EndGlobalSection
	GlobalSection(ProjectConfigurationPlatforms) = postSolution
		{ADC59A64-9331-4B9A-BFE1-541A2A02BD09}.Debug|Any CPU.ActiveCfg = Debug|Any CPU
		{ADC59A64-9331-4B9A-BFE1-541A2A02BD09}.Debug|Any CPU.Build.0 = Debug|Any CPU
		{ADC59A64-9331-4B9A-BFE1-541A2A02BD09}.Release|Any CPU.ActiveCfg = Release|Any CPU
		{ADC59A64-9331-4B9A-BFE1-541A2A02BD09}.Release|Any CPU.Build.0 = Release|Any CPU
	EndGlobalSection
	GlobalSection(SolutionProperties) = preSolution
		HideSolutionNode = FALSE
	EndGlobalSection
	GlobalSection(ExtensibilityGlobals) = postSolution
		SolutionGuid = {7969BDC8-5E9F-4F3D-9D3F-8E26BD715CB4}
	EndGlobalSection
EndGlobal
